<?xml version="1.0" encoding="utf-8"?>
<Project ToolsVersion="4.0" xmlns="http://schemas.microsoft.com/developer/msbuild/2003">
  <ItemGroup>
    <Filter Include="Source Files">
      <UniqueIdentifier>{4FC737F1-C7A5-4376-A066-2A32D752A2FF}</UniqueIdentifier>
      <Extensions>cpp;c;cc;cxx;c++;cppm;ixx;def;odl;idl;hpj;bat;asm;asmx</Extensions>
    </Filter>
    <Filter Include="Header Files">
      <UniqueIdentifier>{93995380-89BD-4b04-88EB-625FBE52EBFB}</UniqueIdentifier>
      <Extensions>h;hh;hpp;hxx;h++;hm;inl;inc;ipp;xsd</Extensions>
    </Filter>
    <Filter Include="Resource Files">
      <UniqueIdentifier>{67DA6AB6-F800-4c08-8B7A-83BB121AAD01}</UniqueIdentifier>
      <Extensions>rc;ico;cur;bmp;dlg;rc2;rct;bin;rgs;gif;jpg;jpeg;jpe;resx;tiff;tif;png;wav;mfcribbon-ms</Extensions>
    </Filter>
    <Filter Include="Header Files\Engine">
      <UniqueIdentifier>{7f5948e5-dce2-44cb-aa7f-161f040546f2}</UniqueIdentifier>
    </Filter>
    <Filter Include="Header Files\FileIO">
      <UniqueIdentifier>{339daafe-c0fc-4235-bebf-7dd710324625}</UniqueIdentifier>
    </Filter>
    <Filter Include="Header Files\GameObjects">
      <UniqueIdentifier>{e5eec2cc-e4a8-4dfc-81a8-cb35d7ed77b4}</UniqueIdentifier>
    </Filter>
    <Filter Include="Header Files\Screens">
      <UniqueIdentifier>{46653d6f-82d6-4712-83e9-439516083670}</UniqueIdentifier>
    </Filter>
    <Filter Include="Header Files\Screens\Select">
      <UniqueIdentifier>{20bf9ac8-ffe4-41d7-a1df-ff7d253e48cb}</UniqueIdentifier>
    </Filter>
    <Filter Include="Header Files\Screens\Game">
      <UniqueIdentifier>{0d336af4-9ca0-48f2-b978-67c3d9925022}</UniqueIdentifier>
    </Filter>
    <Filter Include="Source Files\Engine">
      <UniqueIdentifier>{77dd3499-e8c6-42f2-9fc9-bf8868f7a4c9}</UniqueIdentifier>
    </Filter>
    <Filter Include="Source Files\FileIO">
      <UniqueIdentifier>{15eea224-4cf2-48a4-a564-eb50e497f1b4}</UniqueIdentifier>
    </Filter>
    <Filter Include="Source Files\GameObjects">
      <UniqueIdentifier>{9ed7d4f5-bab9-4d36-a39c-f1adca6ddac9}</UniqueIdentifier>
    </Filter>
    <Filter Include="Source Files\Screens">
      <UniqueIdentifier>{4c6af366-7f15-43c0-98f3-bc5f8ceff45b}</UniqueIdentifier>
    </Filter>
    <Filter Include="Source Files\Screens\Game">
      <UniqueIdentifier>{003a5f43-2ad0-47e3-92da-bf52a08f8d22}</UniqueIdentifier>
    </Filter>
    <Filter Include="Source Files\Screens\Select">
      <UniqueIdentifier>{846266b4-95c3-42f8-939a-22ebae5443ee}</UniqueIdentifier>
    </Filter>
  </ItemGroup>
  <ItemGroup>
    <ClInclude Include="DevelopState.h">
      <Filter>Header Files\Engine</Filter>
    </ClInclude>
    <ClInclude Include="GameEngine.h">
      <Filter>Header Files\Engine</Filter>
    </ClInclude>
    <ClInclude Include="SoundEngine.h">
      <Filter>Header Files\Engine</Filter>
    </ClInclude>
    <ClInclude Include="ScreenManager.h">
      <Filter>Header Files\Engine</Filter>
    </ClInclude>
    <ClInclude Include="BitmapStore.h">
      <Filter>Header Files\Engine</Filter>
    </ClInclude>
    <ClInclude Include="ScreenManagerRemoteControl.h">
      <Filter>Header Files\Screens</Filter>
    </ClInclude>
    <ClInclude Include="Button.h">
      <Filter>Header Files\Screens</Filter>
    </ClInclude>
    <ClInclude Include="UIPanel.h">
      <Filter>Header Files\Screens</Filter>
    </ClInclude>
    <ClInclude Include="InputHandler.h">
      <Filter>Header Files\Screens</Filter>
    </ClInclude>
    <ClInclude Include="Screen.h">
      <Filter>Header Files\Screens</Filter>
    </ClInclude>
    <ClInclude Include="WorldState.h">
      <Filter>Header Files\Engine</Filter>
    </ClInclude>
    <ClInclude Include="SelectScreen.h">
      <Filter>Header Files\Screens\Select</Filter>
    </ClInclude>
    <ClInclude Include="SelectInputHandler.h">
      <Filter>Header Files\Screens\Select</Filter>
    </ClInclude>
    <ClInclude Include="SelectUIPanel.h">
      <Filter>Header Files\Screens\Select</Filter>
    </ClInclude>
    <ClInclude Include="GameScreen.h">
      <Filter>Header Files\Screens\Game</Filter>
    </ClInclude>
    <ClInclude Include="GameInputHandler.h">
      <Filter>Header Files\Screens\Game</Filter>
    </ClInclude>
    <ClInclude Include="GameUIPanel.h">
      <Filter>Header Files\Screens\Game</Filter>
    </ClInclude>
    <ClInclude Include="GameOverInputHandler.h">
      <Filter>Header Files\Screens\Game</Filter>
    </ClInclude>
    <ClInclude Include="GameOverUIPanel.h">
      <Filter>Header Files\Screens\Game</Filter>
    </ClInclude>
  </ItemGroup>
  <ItemGroup>
    <ClCompile Include="SpaceInvaders.cpp">
      <Filter>Source Files\Engine</Filter>
    </ClCompile>
    <ClCompile Include="GameEngine.cpp">
      <Filter>Source Files\Engine</Filter>
    </ClCompile>
    <ClCompile Include="SoundEngine.cpp">
      <Filter>Source Files\Engine</Filter>
    </ClCompile>
    <ClCompile Include="ScreenManager.cpp">
      <Filter>Source Files\Engine</Filter>
    </ClCompile>
    <ClCompile Include="BitmapStore.cpp">
      <Filter>Source Files\Engine</Filter>
    </ClCompile>
    <ClCompile Include="ScreenManagerRemoteControl.cpp">
      <Filter>Source Files\Screens</Filter>
    </ClCompile>
    <ClCompile Include="Button.cpp">
      <Filter>Source Files\Screens</Filter>
    </ClCompile>
    <ClCompile Include="UIPanel.cpp">
      <Filter>Source Files\Screens</Filter>
    </ClCompile>
    <ClCompile Include="InputHandler.cpp">
      <Filter>Source Files\Screens</Filter>
    </ClCompile>
    <ClCompile Include="Screen.cpp">
      <Filter>Source Files\Screens</Filter>
    </ClCompile>
    <ClCompile Include="SelectScreen.cpp">
      <Filter>Source Files\Screens\Select</Filter>
    </ClCompile>
    <ClCompile Include="SelectInputHandler.cpp">
      <Filter>Source Files\Screens\Select</Filter>
    </ClCompile>
    <ClCompile Include="SelectUIPanel.cpp">
      <Filter>Source Files\Screens\Select</Filter>
    </ClCompile>
    <ClCompile Include="GameScreen.cpp">
      <Filter>Source Files\Screens\Game</Filter>
    </ClCompile>
    <ClCompile Include="GameInputHandler.cpp">
      <Filter>Source Files\Screens\Game</Filter>
    </ClCompile>
    <ClCompile Include="GameUIPanel.cpp">
      <Filter>Source Files\Screens\Game</Filter>
    </ClCompile>
    <ClCompile Include="GameOverInputHandler.cpp">
      <Filter>Source Files\Screens\Game</Filter>
    </ClCompile>
    <ClCompile Include="GameOverUIPanel.cpp">
      <Filter>Source Files\Screens\Game</Filter>
    </ClCompile>
  </ItemGroup>
</Project>