<?xml version="1.0" encoding="utf-8"?>
<Project ToolsVersion="4.0" xmlns="http://schemas.microsoft.com/developer/msbuild/2003">
  <ItemGroup>
    <Filter Include="Source Files">
      <UniqueIdentifier>{4FC737F1-C7A5-4376-A066-2A32D752A2FF}</UniqueIdentifier>
      <Extensions>cpp;c;cc;cxx;c++;cppm;ixx;def;odl;idl;hpj;bat;asm;asmx</Extensions>
    </Filter>
    <Filter Include="Source Files\Engine">
      <UniqueIdentifier>{77dd3499-e8c6-42f2-9fc9-bf8868f7a4c9}</UniqueIdentifier>
    </Filter>
    <Filter Include="Source Files\FileIO">
      <UniqueIdentifier>{15eea224-4cf2-48a4-a564-eb50e497f1b4}</UniqueIdentifier>
    </Filter>
    <Filter Include="Source Files\GameObjects">
      <UniqueIdentifier>{9ed7d4f5-bab9-4d36-a39c-f1adca6ddac9}</UniqueIdentifier>
    </Filter>
    <Filter Include="Source Files\Screens">
      <UniqueIdentifier>{4c6af366-7f15-43c0-98f3-bc5f8ceff45b}</UniqueIdentifier>
    </Filter>
    <Filter Include="Source Files\Screens\Game">
      <UniqueIdentifier>{003a5f43-2ad0-47e3-92da-bf52a08f8d22}</UniqueIdentifier>
    </Filter>
    <Filter Include="Source Files\Screens\Select">
      <UniqueIdentifier>{846266b4-95c3-42f8-939a-22ebae5443ee}</UniqueIdentifier>
    </Filter>
    <Filter Include="Source Files\Engine\Utils">
      <UniqueIdentifier>{2d3ad2eb-0a36-48ab-a019-8d459118ae93}</UniqueIdentifier>
    </Filter>
    <Filter Include="Source Files\Shaders">
      <UniqueIdentifier>{04b2fda2-5fa3-46b6-a206-a1ac0abac083}</UniqueIdentifier>
    </Filter>
    <Filter Include="Source Files\Engine\Renderer">
      <UniqueIdentifier>{78c56cc7-4a04-49b5-b1c6-c39bfa63248b}</UniqueIdentifier>
    </Filter>
    <Filter Include="Source Files\IMGUI">
      <UniqueIdentifier>{db5e4776-5d3c-41e0-b059-7a620da3651c}</UniqueIdentifier>
    </Filter>
    <Filter Include="Source Files\Engine\stubs">
      <UniqueIdentifier>{d0f4f4ab-12bf-446b-97a1-3cf5a9a7996d}</UniqueIdentifier>
    </Filter>
  </ItemGroup>
  <ItemGroup>
    <ClInclude Include="BitmapStore.h">
      <Filter>Source Files\Engine</Filter>
    </ClInclude>
    <ClInclude Include="DevelopState.h">
      <Filter>Source Files\Engine</Filter>
    </ClInclude>
    <ClInclude Include="GameEngine.h">
      <Filter>Source Files\Engine</Filter>
    </ClInclude>
    <ClInclude Include="LevelManager.h">
      <Filter>Source Files\Engine</Filter>
    </ClInclude>
    <ClInclude Include="PhysicsEnginePlayMode.h">
      <Filter>Source Files\Engine</Filter>
    </ClInclude>
    <ClInclude Include="ScreenManager.h">
      <Filter>Source Files\Engine</Filter>
    </ClInclude>
    <ClInclude Include="SoundEngine.h">
      <Filter>Source Files\Engine</Filter>
    </ClInclude>
    <ClInclude Include="WorldState.h">
      <Filter>Source Files\Engine</Filter>
    </ClInclude>
    <ClInclude Include="BlueprintObjectParser.h">
      <Filter>Source Files\FileIO</Filter>
    </ClInclude>
    <ClInclude Include="GameObjectBlueprint.h">
      <Filter>Source Files\FileIO</Filter>
    </ClInclude>
    <ClInclude Include="GameObjectFactoryPlayMode.h">
      <Filter>Source Files\FileIO</Filter>
    </ClInclude>
    <ClInclude Include="GameObjectSharer.h">
      <Filter>Source Files\FileIO</Filter>
    </ClInclude>
    <ClInclude Include="ObjectTags.h">
      <Filter>Source Files\FileIO</Filter>
    </ClInclude>
    <ClInclude Include="PlayModeObjectLoader.h">
      <Filter>Source Files\FileIO</Filter>
    </ClInclude>
    <ClInclude Include="BulletSpawner.h">
      <Filter>Source Files\GameObjects</Filter>
    </ClInclude>
    <ClInclude Include="BulletUpdateComponent.h">
      <Filter>Source Files\GameObjects</Filter>
    </ClInclude>
    <ClInclude Include="ColliderComponent.h">
      <Filter>Source Files\GameObjects</Filter>
    </ClInclude>
    <ClInclude Include="Component.h">
      <Filter>Source Files\GameObjects</Filter>
    </ClInclude>
    <ClInclude Include="GameObject.h">
      <Filter>Source Files\GameObjects</Filter>
    </ClInclude>
    <ClInclude Include="GraphicsComponent.h">
      <Filter>Source Files\GameObjects</Filter>
    </ClInclude>
    <ClInclude Include="InvaderUpdateComponent.h">
      <Filter>Source Files\GameObjects</Filter>
    </ClInclude>
    <ClInclude Include="PlayerUpdateComponent.h">
      <Filter>Source Files\GameObjects</Filter>
    </ClInclude>
    <ClInclude Include="RectColliderComponent.h">
      <Filter>Source Files\GameObjects</Filter>
    </ClInclude>
    <ClInclude Include="StandardGraphicsComponent.h">
      <Filter>Source Files\GameObjects</Filter>
    </ClInclude>
    <ClInclude Include="TransformComponent.h">
      <Filter>Source Files\GameObjects</Filter>
    </ClInclude>
    <ClInclude Include="UpdateComponent.h">
      <Filter>Source Files\GameObjects</Filter>
    </ClInclude>
    <ClInclude Include="Button.h">
      <Filter>Source Files\Screens</Filter>
    </ClInclude>
    <ClInclude Include="InputHandler.h">
      <Filter>Source Files\Screens</Filter>
    </ClInclude>
    <ClInclude Include="Screen.h">
      <Filter>Source Files\Screens</Filter>
    </ClInclude>
    <ClInclude Include="ScreenManagerRemoteControl.h">
      <Filter>Source Files\Screens</Filter>
    </ClInclude>
    <ClInclude Include="UIPanel.h">
      <Filter>Source Files\Screens</Filter>
    </ClInclude>
    <ClInclude Include="GameInputHandler.h">
      <Filter>Source Files\Screens\Game</Filter>
    </ClInclude>
    <ClInclude Include="GameOverInputHandler.h">
      <Filter>Source Files\Screens\Game</Filter>
    </ClInclude>
    <ClInclude Include="GameOverUIPanel.h">
      <Filter>Source Files\Screens\Game</Filter>
    </ClInclude>
    <ClInclude Include="GameScreen.h">
      <Filter>Source Files\Screens\Game</Filter>
    </ClInclude>
    <ClInclude Include="GameUIPanel.h">
      <Filter>Source Files\Screens\Game</Filter>
    </ClInclude>
    <ClInclude Include="SelectInputHandler.h">
      <Filter>Source Files\Screens\Select</Filter>
    </ClInclude>
    <ClInclude Include="SelectScreen.h">
      <Filter>Source Files\Screens\Select</Filter>
    </ClInclude>
    <ClInclude Include="SelectUIPanel.h">
      <Filter>Source Files\Screens\Select</Filter>
    </ClInclude>
    <ClInclude Include="Vector2f.h">
      <Filter>Source Files\Engine\Utils</Filter>
    </ClInclude>
    <ClInclude Include="Renderer.h">
      <Filter>Source Files\Engine\Renderer</Filter>
    </ClInclude>
    <ClInclude Include="VertexBuffer.h">
      <Filter>Source Files\Engine\Renderer</Filter>
    </ClInclude>
    <ClInclude Include="IndexBuffer.h">
      <Filter>Source Files\Engine\Renderer</Filter>
    </ClInclude>
    <ClInclude Include="VertexArray.h">
      <Filter>Source Files\Engine\Renderer</Filter>
    </ClInclude>
    <ClInclude Include="VertexBufferLayout.h">
      <Filter>Source Files\Engine\Renderer</Filter>
    </ClInclude>
    <ClInclude Include="Vector2i.h">
      <Filter>Source Files\Engine\Utils</Filter>
    </ClInclude>
    <ClInclude Include="Shader.h">
      <Filter>Source Files\Engine\Renderer</Filter>
    </ClInclude>
    <ClInclude Include="ShaderProgram.h">
      <Filter>Source Files\Engine\Renderer</Filter>
    </ClInclude>
    <ClInclude Include="Texture.h">
      <Filter>Source Files\Engine\Renderer</Filter>
    </ClInclude>
    <ClInclude Include="IMGUI\imconfig.h">
      <Filter>Source Files\IMGUI</Filter>
    </ClInclude>
    <ClInclude Include="IMGUI\imgui.h">
      <Filter>Source Files\IMGUI</Filter>
    </ClInclude>
    <ClInclude Include="IMGUI\imgui_impl_glfw.h">
      <Filter>Source Files\IMGUI</Filter>
    </ClInclude>
    <ClInclude Include="IMGUI\imgui_impl_opengl3.h">
      <Filter>Source Files\IMGUI</Filter>
    </ClInclude>
    <ClInclude Include="IMGUI\imgui_internal.h">
      <Filter>Source Files\IMGUI</Filter>
    </ClInclude>
    <ClInclude Include="IMGUI\imstb_rectpack.h">
      <Filter>Source Files\IMGUI</Filter>
    </ClInclude>
    <ClInclude Include="IMGUI\imstb_textedit.h">
      <Filter>Source Files\IMGUI</Filter>
    </ClInclude>
    <ClInclude Include="IMGUI\imstb_truetype.h">
      <Filter>Source Files\IMGUI</Filter>
    </ClInclude>
    <ClInclude Include="View.h">
      <Filter>Source Files\Engine\stubs</Filter>
    </ClInclude>
    <ClInclude Include="RectangleShape.h">
      <Filter>Source Files\Engine\stubs</Filter>
    </ClInclude>
    <ClInclude Include="Text.h">
      <Filter>Source Files\Engine\stubs</Filter>
    </ClInclude>
    <ClInclude Include="Font.h">
      <Filter>Source Files\Engine\stubs</Filter>
    </ClInclude>
    <ClInclude Include="FloatRect.h">
      <Filter>Source Files\Engine\stubs</Filter>
    </ClInclude>
    <ClInclude Include="Window.h">
      <Filter>Source Files\Engine\stubs</Filter>
    </ClInclude>
    <ClInclude Include="Color.h">
      <Filter>Source Files\Engine\stubs</Filter>
    </ClInclude>
    <ClInclude Include="Drawable.h">
      <Filter>Source Files\Engine\stubs</Filter>
    </ClInclude>
    <ClInclude Include="Joystick.h">
      <Filter>Source Files\Engine\stubs</Filter>
    </ClInclude>
    <ClInclude Include="SoundBuffer.h">
      <Filter>Source Files\Engine\stubs</Filter>
    </ClInclude>
    <ClInclude Include="Sound.h">
      <Filter>Source Files\Engine\stubs</Filter>
    </ClInclude>
    <ClInclude Include="Sprite.h">
      <Filter>Source Files\Engine\stubs</Filter>
    </ClInclude>
    <ClInclude Include="RenderWindow.h">
      <Filter>Source Files\Engine\stubs</Filter>
    </ClInclude>
    <ClInclude Include="Event.h">
      <Filter>Source Files\Engine\stubs</Filter>
    </ClInclude>
    <ClInclude Include="Mouse.h">
      <Filter>Source Files\Engine\stubs</Filter>
    </ClInclude>
    <ClInclude Include="KeyEvent.h">
      <Filter>Source Files\Engine\stubs</Filter>
    </ClInclude>
    <ClInclude Include="Keyboard.h">
      <Filter>Source Files\Engine\stubs</Filter>
    </ClInclude>
    <ClInclude Include="Clock.h">
      <Filter>Source Files\Engine\stubs</Filter>
    </ClInclude>
    <ClInclude Include="Time.h">
      <Filter>Source Files\Engine\stubs</Filter>
    </ClInclude>
    <ClInclude Include="VideoMode.h">
      <Filter>Source Files\Engine\stubs</Filter>
    </ClInclude>
  </ItemGroup>
  <ItemGroup>
    <ClCompile Include="SpaceInvaders.cpp">
      <Filter>Source Files\Engine</Filter>
    </ClCompile>
    <ClCompile Include="GameEngine.cpp">
      <Filter>Source Files\Engine</Filter>
    </ClCompile>
    <ClCompile Include="SoundEngine.cpp">
      <Filter>Source Files\Engine</Filter>
    </ClCompile>
    <ClCompile Include="ScreenManager.cpp">
      <Filter>Source Files\Engine</Filter>
    </ClCompile>
    <ClCompile Include="BitmapStore.cpp">
      <Filter>Source Files\Engine</Filter>
    </ClCompile>
    <ClCompile Include="Button.cpp">
      <Filter>Source Files\Screens</Filter>
    </ClCompile>
    <ClCompile Include="UIPanel.cpp">
      <Filter>Source Files\Screens</Filter>
    </ClCompile>
    <ClCompile Include="InputHandler.cpp">
      <Filter>Source Files\Screens</Filter>
    </ClCompile>
    <ClCompile Include="Screen.cpp">
      <Filter>Source Files\Screens</Filter>
    </ClCompile>
    <ClCompile Include="SelectScreen.cpp">
      <Filter>Source Files\Screens\Select</Filter>
    </ClCompile>
    <ClCompile Include="SelectInputHandler.cpp">
      <Filter>Source Files\Screens\Select</Filter>
    </ClCompile>
    <ClCompile Include="SelectUIPanel.cpp">
      <Filter>Source Files\Screens\Select</Filter>
    </ClCompile>
    <ClCompile Include="GameScreen.cpp">
      <Filter>Source Files\Screens\Game</Filter>
    </ClCompile>
    <ClCompile Include="GameInputHandler.cpp">
      <Filter>Source Files\Screens\Game</Filter>
    </ClCompile>
    <ClCompile Include="GameUIPanel.cpp">
      <Filter>Source Files\Screens\Game</Filter>
    </ClCompile>
    <ClCompile Include="GameOverInputHandler.cpp">
      <Filter>Source Files\Screens\Game</Filter>
    </ClCompile>
    <ClCompile Include="GameOverUIPanel.cpp">
      <Filter>Source Files\Screens\Game</Filter>
    </ClCompile>
    <ClCompile Include="RectColliderComponent.cpp">
      <Filter>Source Files\GameObjects</Filter>
    </ClCompile>
    <ClCompile Include="StandardGraphicsComponent.cpp">
      <Filter>Source Files\GameObjects</Filter>
    </ClCompile>
    <ClCompile Include="TransformComponent.cpp">
      <Filter>Source Files\GameObjects</Filter>
    </ClCompile>
    <ClCompile Include="BulletUpdate.cpp">
      <Filter>Source Files\GameObjects</Filter>
    </ClCompile>
    <ClCompile Include="InvaderUpdate.cpp">
      <Filter>Source Files\GameObjects</Filter>
    </ClCompile>
    <ClCompile Include="PlayerUpdate.cpp">
      <Filter>Source Files\GameObjects</Filter>
    </ClCompile>
    <ClCompile Include="GameObject.cpp">
      <Filter>Source Files\GameObjects</Filter>
    </ClCompile>
    <ClCompile Include="GameObjectBlueprint.cpp">
      <Filter>Source Files\FileIO</Filter>
    </ClCompile>
    <ClCompile Include="ObjectTags.cpp">
      <Filter>Source Files\FileIO</Filter>
    </ClCompile>
    <ClCompile Include="BlueprintObjectParser.cpp">
      <Filter>Source Files\FileIO</Filter>
    </ClCompile>
    <ClCompile Include="PlayModeObjectLoader.cpp">
      <Filter>Source Files\FileIO</Filter>
    </ClCompile>
    <ClCompile Include="GameObjectFactoryPlayMode.cpp">
      <Filter>Source Files\FileIO</Filter>
    </ClCompile>
    <ClCompile Include="LevelManager.cpp">
      <Filter>Source Files\Engine</Filter>
    </ClCompile>
    <ClCompile Include="PhysicsEnginePlayMode.cpp">
      <Filter>Source Files\Engine</Filter>
    </ClCompile>
    <ClCompile Include="Renderer.cpp">
      <Filter>Source Files\Engine\Renderer</Filter>
    </ClCompile>
    <ClCompile Include="VertexBuffer.cpp">
      <Filter>Source Files\Engine\Renderer</Filter>
    </ClCompile>
    <ClCompile Include="IndexBuffer.cpp">
      <Filter>Source Files\Engine\Renderer</Filter>
    </ClCompile>
    <ClCompile Include="VertexArray.cpp">
      <Filter>Source Files\Engine\Renderer</Filter>
    </ClCompile>
    <ClCompile Include="Shader.cpp">
      <Filter>Source Files\Engine\Renderer</Filter>
    </ClCompile>
    <ClCompile Include="ShaderProgram.cpp">
      <Filter>Source Files\Engine\Renderer</Filter>
    </ClCompile>
    <ClCompile Include="stb_image.cpp">
      <Filter>Source Files\Engine\Renderer</Filter>
    </ClCompile>
    <ClCompile Include="Texture.cpp">
      <Filter>Source Files\Engine\Renderer</Filter>
    </ClCompile>
    <ClCompile Include="IMGUI\imgui.cpp">
      <Filter>Source Files\IMGUI</Filter>
    </ClCompile>
    <ClCompile Include="IMGUI\imgui_demo.cpp">
      <Filter>Source Files\IMGUI</Filter>
    </ClCompile>
    <ClCompile Include="IMGUI\imgui_draw.cpp">
      <Filter>Source Files\IMGUI</Filter>
    </ClCompile>
    <ClCompile Include="IMGUI\imgui_impl_glfw.cpp">
      <Filter>Source Files\IMGUI</Filter>
    </ClCompile>
    <ClCompile Include="IMGUI\imgui_impl_opengl3.cpp">
      <Filter>Source Files\IMGUI</Filter>
    </ClCompile>
    <ClCompile Include="IMGUI\imgui_tables.cpp">
      <Filter>Source Files\IMGUI</Filter>
    </ClCompile>
    <ClCompile Include="IMGUI\imgui_widgets.cpp">
      <Filter>Source Files\IMGUI</Filter>
    </ClCompile>
    <ClCompile Include="View.cpp">
      <Filter>Source Files\Engine\stubs</Filter>
    </ClCompile>
    <ClCompile Include="RectangleShape.cpp">
      <Filter>Source Files\Engine\stubs</Filter>
    </ClCompile>
    <ClCompile Include="Color.cpp">
      <Filter>Source Files\Engine\stubs</Filter>
    </ClCompile>
    <ClCompile Include="Text.cpp">
      <Filter>Source Files\Engine\stubs</Filter>
    </ClCompile>
    <ClCompile Include="Font.cpp">
      <Filter>Source Files\Engine\stubs</Filter>
    </ClCompile>
    <ClCompile Include="FloatRect.cpp">
      <Filter>Source Files\Engine\stubs</Filter>
    </ClCompile>
    <ClCompile Include="Window.cpp">
      <Filter>Source Files\Engine\stubs</Filter>
    </ClCompile>
    <ClCompile Include="Joystick.cpp">
      <Filter>Source Files\Engine\stubs</Filter>
    </ClCompile>
    <ClCompile Include="SoundBuffer.cpp">
      <Filter>Source Files\Engine\stubs</Filter>
    </ClCompile>
    <ClCompile Include="Sound.cpp">
      <Filter>Source Files\Engine\stubs</Filter>
    </ClCompile>
    <ClCompile Include="Sprite.cpp">
      <Filter>Source Files\Engine\stubs</Filter>
    </ClCompile>
    <ClCompile Include="RenderWindow.cpp">
      <Filter>Source Files\Engine\stubs</Filter>
    </ClCompile>
    <ClCompile Include="Mouse.cpp">
      <Filter>Source Files\Engine\stubs</Filter>
    </ClCompile>
    <ClCompile Include="Clock.cpp">
      <Filter>Source Files\Engine\stubs</Filter>
    </ClCompile>
    <ClCompile Include="Time.cpp">
      <Filter>Source Files\Engine\stubs</Filter>
    </ClCompile>
    <ClCompile Include="VIdeoMode.cpp">
      <Filter>Source Files\Engine\stubs</Filter>
    </ClCompile>
    <ClCompile Include="Keyboard.cpp">
      <Filter>Source Files\Engine\stubs</Filter>
    </ClCompile>
  </ItemGroup>
  <ItemGroup>
    <Text Include="PixelShader.hlsl">
      <Filter>Source Files\Shaders</Filter>
    </Text>
    <Text Include="VertexShader.hlsl">
      <Filter>Source Files\Shaders</Filter>
    </Text>
  </ItemGroup>
</Project>